
Microsoft Visual Studio Solution File, Format Version 12.00
# Visual Studio Version 17
VisualStudioVersion = 17.8.34330.188
MinimumVisualStudioVersion = 10.0.40219.1
Project("{9A19103F-16F7-4668-BE54-9A1E7A4F7556}") = "LethalCommands", "LethalCommands.csproj", "{236DFEFE-C3CF-4D15-8CE8-8EBD17E54C8A}"
EndProject
Global
	GlobalSection(SolutionConfigurationPlatforms) = preSolution
		Debug|Any CPU = Debug|Any CPU
		Release|Any CPU = Release|Any CPU
	EndGlobalSection
	GlobalSection(ProjectConfigurationPlatforms) = postSolution
		{236DFEFE-C3CF-4D15-8CE8-8EBD17E54C8A}.Debug|Any CPU.ActiveCfg = Debug|Any CPU
		{236DFEFE-C3CF-4D15-8CE8-8EBD17E54C8A}.Debug|Any CPU.Build.0 = Debug|Any CPU
		{236DFEFE-C3CF-4D15-8CE8-8EBD17E54C8A}.Release|Any CPU.ActiveCfg = Release|Any CPU
		{236DFEFE-C3CF-4D15-8CE8-8EBD17E54C8A}.Release|Any CPU.Build.0 = Release|Any CPU
	EndGlobalSection
	GlobalSection(SolutionProperties) = preSolution
		HideSolutionNode = FALSE
	EndGlobalSection
	GlobalSection(ExtensibilityGlobals) = postSolution
		SolutionGuid = {1E630A5F-1460-475A-9838-360722F788C0}
	EndGlobalSection
EndGlobal
